
Microsoft Visual Studio Solution File, Format Version 12.00
# Visual Studio Version 16
VisualStudioVersion = 16.0.28803.202
MinimumVisualStudioVersion = 10.0.40219.1
Project("{9A19103F-16F7-4668-BE54-9A1E7A4F7556}") = "Dev", "Dev\Dev.csproj", "{41CCAF19-F91A-44E6-8339-33B467A9FE5C}"
EndProject
Project("{FAE04EC0-301F-11D3-BF4B-00C04F79EFBC}") = "BusinessLayer", "BusinessLayer\BusinessLayer.csproj", "{8E42549B-8157-472D-AE05-5567D2707A9F}"
EndProject
Project("{FAE04EC0-301F-11D3-BF4B-00C04F79EFBC}") = "DataLayer", "DataLayer\DataLayer.csproj", "{1B2C629D-D3C4-45E2-A483-18463781D6BA}"
EndProject
Global
	GlobalSection(SolutionConfigurationPlatforms) = preSolution
		Debug|Any CPU = Debug|Any CPU
		Release|Any CPU = Release|Any CPU
	EndGlobalSection
	GlobalSection(ProjectConfigurationPlatforms) = postSolution
		{41CCAF19-F91A-44E6-8339-33B467A9FE5C}.Debug|Any CPU.ActiveCfg = Debug|Any CPU
		{41CCAF19-F91A-44E6-8339-33B467A9FE5C}.Debug|Any CPU.Build.0 = Debug|Any CPU
		{41CCAF19-F91A-44E6-8339-33B467A9FE5C}.Release|Any CPU.ActiveCfg = Release|Any CPU
		{41CCAF19-F91A-44E6-8339-33B467A9FE5C}.Release|Any CPU.Build.0 = Release|Any CPU
		{8E42549B-8157-472D-AE05-5567D2707A9F}.Debug|Any CPU.ActiveCfg = Debug|Any CPU
		{8E42549B-8157-472D-AE05-5567D2707A9F}.Debug|Any CPU.Build.0 = Debug|Any CPU
		{8E42549B-8157-472D-AE05-5567D2707A9F}.Release|Any CPU.ActiveCfg = Release|Any CPU
		{8E42549B-8157-472D-AE05-5567D2707A9F}.Release|Any CPU.Build.0 = Release|Any CPU
		{1B2C629D-D3C4-45E2-A483-18463781D6BA}.Debug|Any CPU.ActiveCfg = Debug|Any CPU
		{1B2C629D-D3C4-45E2-A483-18463781D6BA}.Debug|Any CPU.Build.0 = Debug|Any CPU
		{1B2C629D-D3C4-45E2-A483-18463781D6BA}.Release|Any CPU.ActiveCfg = Release|Any CPU
		{1B2C629D-D3C4-45E2-A483-18463781D6BA}.Release|Any CPU.Build.0 = Release|Any CPU
	EndGlobalSection
	GlobalSection(SolutionProperties) = preSolution
		HideSolutionNode = FALSE
	EndGlobalSection
	GlobalSection(ExtensibilityGlobals) = postSolution
		SolutionGuid = {E3A80FCB-069C-437D-A0A4-AB411BAC6858}
	EndGlobalSection
EndGlobal
